
Microsoft Visual Studio Solution File, Format Version 12.00
# Visual Studio Version 17
VisualStudioVersion = 17.2.32516.85
MinimumVisualStudioVersion = 10.0.40219.1
Project("{8BC9CEB8-8B4A-11D0-8D11-00A0C91BC942}") = "OpenGLLab10", "OpenGLLab10\OpenGLLab10.vcxproj", "{33B66801-F2DF-42A0-9DE2-CBB9650194A4}"
EndProject
Global
	GlobalSection(SolutionConfigurationPlatforms) = preSolution
		Debug|x64 = Debug|x64
		Debug|x86 = Debug|x86
		Release|x64 = Release|x64
		Release|x86 = Release|x86
	EndGlobalSection
	GlobalSection(ProjectConfigurationPlatforms) = postSolution
		{33B66801-F2DF-42A0-9DE2-CBB9650194A4}.Debug|x64.ActiveCfg = Debug|x64
		{33B66801-F2DF-42A0-9DE2-CBB9650194A4}.Debug|x64.Build.0 = Debug|x64
		{33B66801-F2DF-42A0-9DE2-CBB9650194A4}.Debug|x86.ActiveCfg = Debug|Win32
		{33B66801-F2DF-42A0-9DE2-CBB9650194A4}.Debug|x86.Build.0 = Debug|Win32
		{33B66801-F2DF-42A0-9DE2-CBB9650194A4}.Release|x64.ActiveCfg = Release|x64
		{33B66801-F2DF-42A0-9DE2-CBB9650194A4}.Release|x64.Build.0 = Release|x64
		{33B66801-F2DF-42A0-9DE2-CBB9650194A4}.Release|x86.ActiveCfg = Release|Win32
		{33B66801-F2DF-42A0-9DE2-CBB9650194A4}.Release|x86.Build.0 = Release|Win32
	EndGlobalSection
	GlobalSection(SolutionProperties) = preSolution
		HideSolutionNode = FALSE
	EndGlobalSection
	GlobalSection(ExtensibilityGlobals) = postSolution
		SolutionGuid = {9058E421-8522-4549-861F-38A981AC5E08}
	EndGlobalSection
EndGlobal
