<?xml version="1.0" encoding="utf-8"?>
<Project ToolsVersion="4.0" xmlns="http://schemas.microsoft.com/developer/msbuild/2003">
  <ItemGroup>
    <Filter Include="來源檔案">
      <UniqueIdentifier>{4FC737F1-C7A5-4376-A066-2A32D752A2FF}</UniqueIdentifier>
      <Extensions>cpp;c;cc;cxx;c++;cppm;ixx;def;odl;idl;hpj;bat;asm;asmx</Extensions>
    </Filter>
    <Filter Include="標頭檔">
      <UniqueIdentifier>{93995380-89BD-4b04-88EB-625FBE52EBFB}</UniqueIdentifier>
      <Extensions>h;hh;hpp;hxx;h++;hm;inl;inc;ipp;xsd</Extensions>
    </Filter>
    <Filter Include="資源檔">
      <UniqueIdentifier>{67DA6AB6-F800-4c08-8B7A-83BB121AAD01}</UniqueIdentifier>
      <Extensions>rc;ico;cur;bmp;dlg;rc2;rct;bin;rgs;gif;jpg;jpeg;jpe;resx;tiff;tif;png;wav;mfcribbon-ms</Extensions>
    </Filter>
    <Filter Include="來源檔案\Rasterization Algorithms">
      <UniqueIdentifier>{1426d24e-ff58-478a-95d9-e246aa31c856}</UniqueIdentifier>
    </Filter>
    <Filter Include="來源檔案\Rasterization Algorithms\Line">
      <UniqueIdentifier>{800c0401-4759-455c-8444-f8ae302f3763}</UniqueIdentifier>
    </Filter>
    <Filter Include="來源檔案\Rasterization Algorithms\Polygon">
      <UniqueIdentifier>{b8f451e1-c6eb-4fb6-97c8-9b9e390e5887}</UniqueIdentifier>
    </Filter>
    <Filter Include="標頭檔\Rasterization Algorithms">
      <UniqueIdentifier>{5c6bcf14-eba8-4635-935f-4be05d97e650}</UniqueIdentifier>
    </Filter>
    <Filter Include="標頭檔\Rasterization Algorithms\Line">
      <UniqueIdentifier>{bacb1fce-4e6b-4a6a-bd52-ff540ca58586}</UniqueIdentifier>
    </Filter>
    <Filter Include="標頭檔\Rasterization Algorithms\Polygon">
      <UniqueIdentifier>{20ad8367-049f-434e-9f46-0a7009dfb320}</UniqueIdentifier>
    </Filter>
    <Filter Include="來源檔案\Graph2D">
      <UniqueIdentifier>{ace3705a-20c6-40b6-bdfd-36cb8f8952a2}</UniqueIdentifier>
    </Filter>
    <Filter Include="標頭檔\Graph2D">
      <UniqueIdentifier>{0e13b5a8-a7f6-404a-9e86-c6bfa244eb19}</UniqueIdentifier>
    </Filter>
  </ItemGroup>
  <ItemGroup>
    <ClCompile Include="main.cpp">
      <Filter>來源檔案</Filter>
    </ClCompile>
    <ClCompile Include="RasterizationAlgorithms\Line\AntiAliasingAlgorithm.cpp">
      <Filter>來源檔案\Rasterization Algorithms\Line</Filter>
    </ClCompile>
    <ClCompile Include="RasterizationAlgorithms\Line\MidPointAlgorithm.cpp">
      <Filter>來源檔案\Rasterization Algorithms\Line</Filter>
    </ClCompile>
    <ClCompile Include="RasterizationAlgorithms\Polygon\ScanLineAlgorithm.cpp">
      <Filter>來源檔案\Rasterization Algorithms\Polygon</Filter>
    </ClCompile>
    <ClCompile Include="RasterizationAlgorithms\LineAlgorithm.cpp">
      <Filter>來源檔案\Rasterization Algorithms</Filter>
    </ClCompile>
    <ClCompile Include="RasterizationAlgorithms\PolygonAlgorithm.cpp">
      <Filter>來源檔案\Rasterization Algorithms</Filter>
    </ClCompile>
    <ClCompile Include="Graph2D\Polygon.cpp">
      <Filter>來源檔案\Graph2D</Filter>
    </ClCompile>
    <ClCompile Include="Graph2D\Vertex.cpp">
      <Filter>來源檔案\Graph2D</Filter>
    </ClCompile>
  </ItemGroup>
  <ItemGroup>
    <None Include=".editorconfig" />
  </ItemGroup>
  <ItemGroup>
    <ClInclude Include="graph2d.h">
      <Filter>標頭檔</Filter>
    </ClInclude>
    <ClInclude Include="rasterizationAlgorithms.h">
      <Filter>標頭檔</Filter>
    </ClInclude>
    <ClInclude Include="RasterizationAlgorithms\Line\AntiAliasingAlgorithm.h">
      <Filter>標頭檔\Rasterization Algorithms\Line</Filter>
    </ClInclude>
    <ClInclude Include="RasterizationAlgorithms\Line\MidPointAlgorithm.h">
      <Filter>標頭檔\Rasterization Algorithms\Line</Filter>
    </ClInclude>
    <ClInclude Include="RasterizationAlgorithms\Polygon\ScanLineAlgorithm.h">
      <Filter>標頭檔\Rasterization Algorithms\Polygon</Filter>
    </ClInclude>
    <ClInclude Include="RasterizationAlgorithms\LineAlgorithm.h">
      <Filter>標頭檔\Rasterization Algorithms</Filter>
    </ClInclude>
    <ClInclude Include="RasterizationAlgorithms\PolygonAlgorithm.h">
      <Filter>標頭檔\Rasterization Algorithms</Filter>
    </ClInclude>
    <ClInclude Include="Graph2D\Polygon.h">
      <Filter>標頭檔\Graph2D</Filter>
    </ClInclude>
    <ClInclude Include="Graph2D\Vertex.h">
      <Filter>標頭檔\Graph2D</Filter>
    </ClInclude>
  </ItemGroup>
</Project>